// !$*UTF8*$!
{
	archiveVersion = 1;
	classes = {
	};
	objectVersion = 77;
	objects = {

/* Begin PBXBuildFile section */
		1814060F2E1ACCAD001B05D6 /* TaskSummaryModel.swift in Sources */ = {isa = PBXBuildFile; fileRef = 1814060E2E1ACCAD001B05D6 /* TaskSummaryModel.swift */; };
		181406112E1AE268001B05D6 /* NotifcationManager.swift in Sources */ = {isa = PBXBuildFile; fileRef = 181406102E1AE268001B05D6 /* NotifcationManager.swift */; };
		182C707B2E68CECE007A9575 /* PremiumFeatureView.swift in Sources */ = {isa = PBXBuildFile; fileRef = 182C707A2E68CECE007A9575 /* PremiumFeatureView.swift */; };
		182D72282DD2730600F4D25A /* Flow in Frameworks */ = {isa = PBXBuildFile; productRef = 182D72272DD2730600F4D25A /* Flow */; };
		182D722D2DD280B800F4D25A /* Flow in Frameworks */ = {isa = PBXBuildFile; productRef = 182D722C2DD280B800F4D25A /* Flow */; };
		18657AEA2E0B45440092ACEA /* DashboardGridView.swift in Sources */ = {isa = PBXBuildFile; fileRef = 18657AE92E0B45440092ACEA /* DashboardGridView.swift */; };
		18657AEC2E0B45BC0092ACEA /* TaskListsView.swift in Sources */ = {isa = PBXBuildFile; fileRef = 18657AEB2E0B45B70092ACEA /* TaskListsView.swift */; };
		189A17662E5063E700DA19CF /* PremiumVC.swift in Sources */ = {isa = PBXBuildFile; fileRef = 189A17652E5063E700DA19CF /* PremiumVC.swift */; };
		189A17682E51CC1A00DA19CF /* AddNewListVC.swift in Sources */ = {isa = PBXBuildFile; fileRef = 189A17672E51CC1A00DA19CF /* AddNewListVC.swift */; };
		18D4BC062E0833770096EF88 /* OnboardingVC.swift in Sources */ = {isa = PBXBuildFile; fileRef = 18D4BBE72E0833770096EF88 /* OnboardingVC.swift */; };
		18D4BC072E0833770096EF88 /* SettingsVC.swift in Sources */ = {isa = PBXBuildFile; fileRef = 18D4BBE82E0833770096EF88 /* SettingsVC.swift */; };
		18D4BC082E0833770096EF88 /* HomeVC.swift in Sources */ = {isa = PBXBuildFile; fileRef = 18D4BBE62E0833770096EF88 /* HomeVC.swift */; };
		18D4BC092E0833770096EF88 /* TaskModel.swift in Sources */ = {isa = PBXBuildFile; fileRef = 18D4BBF82E0833770096EF88 /* TaskModel.swift */; };
		18D4BC0A2E0833770096EF88 /* settingsView.swift in Sources */ = {isa = PBXBuildFile; fileRef = 18D4BBF02E0833770096EF88 /* settingsView.swift */; };
		18D4BC0B2E0833770096EF88 /* CalenderVC.swift in Sources */ = {isa = PBXBuildFile; fileRef = 18D4BBE52E0833770096EF88 /* CalenderVC.swift */; };
		18D4BC0C2E0833770096EF88 /* TasksVC.swift in Sources */ = {isa = PBXBuildFile; fileRef = 18D4BBEA2E0833770096EF88 /* TasksVC.swift */; };
		18D4BC0D2E0833770096EF88 /* ResizableGridCell.swift in Sources */ = {isa = PBXBuildFile; fileRef = 18D4BBEF2E0833770096EF88 /* ResizableGridCell.swift */; };
		18D4BC0E2E0833770096EF88 /* TaskRepo.swift in Sources */ = {isa = PBXBuildFile; fileRef = 18D4BBFF2E0833770096EF88 /* TaskRepo.swift */; };
		18D4BC0F2E0833770096EF88 /* FocusFlow.swift in Sources */ = {isa = PBXBuildFile; fileRef = 18D4BBD52E0833770096EF88 /* FocusFlow.swift */; };
		18D4BC102E0833770096EF88 /* Color+Extension.swift in Sources */ = {isa = PBXBuildFile; fileRef = 18D4BBF32E0833770096EF88 /* Color+Extension.swift */; };
		18D4BC112E0833770096EF88 /* GridToDoCardItemView.swift in Sources */ = {isa = PBXBuildFile; fileRef = 18D4BBEC2E0833770096EF88 /* GridToDoCardItemView.swift */; };
		18D4BC122E0833770096EF88 /* AddNewTaskVC.swift in Sources */ = {isa = PBXBuildFile; fileRef = 18D4BBE42E0833770096EF88 /* AddNewTaskVC.swift */; };
		18D4BC132E0833770096EF88 /* ListRepo.swift in Sources */ = {isa = PBXBuildFile; fileRef = 18D4BBFD2E0833770096EF88 /* ListRepo.swift */; };
		18D4BC142E0833770096EF88 /* ListToDoItemView.swift in Sources */ = {isa = PBXBuildFile; fileRef = 18D4BBED2E0833770096EF88 /* ListToDoItemView.swift */; };
		18D4BC152E0833770096EF88 /* NoTasksFoundView.swift in Sources */ = {isa = PBXBuildFile; fileRef = 18D4BBEE2E0833770096EF88 /* NoTasksFoundView.swift */; };
		18D4BC162E0833770096EF88 /* ThemeManager.swift in Sources */ = {isa = PBXBuildFile; fileRef = 18D4BBF52E0833770096EF88 /* ThemeManager.swift */; };
		18D4BC172E0833770096EF88 /* ListViewModel.swift in Sources */ = {isa = PBXBuildFile; fileRef = 18D4BBFE2E0833770096EF88 /* ListViewModel.swift */; };
		18D4BC182E0833770096EF88 /* TaskViewModel.swift in Sources */ = {isa = PBXBuildFile; fileRef = 18D4BC002E0833770096EF88 /* TaskViewModel.swift */; };
		18D4BC192E0833770096EF88 /* TaskDetailCell.swift in Sources */ = {isa = PBXBuildFile; fileRef = 18D4BBF12E0833770096EF88 /* TaskDetailCell.swift */; };
		18D4BC1A2E0833770096EF88 /* DataModels.swift in Sources */ = {isa = PBXBuildFile; fileRef = 18D4BBF42E0833770096EF88 /* DataModels.swift */; };
		18D4BC1B2E0833770096EF88 /* SplashVC.swift in Sources */ = {isa = PBXBuildFile; fileRef = 18D4BBE92E0833770096EF88 /* SplashVC.swift */; };
		18D4BC1C2E0833770096EF88 /* TaskListModel.swift in Sources */ = {isa = PBXBuildFile; fileRef = 18D4BBF72E0833770096EF88 /* TaskListModel.swift */; };
		18D4BC1D2E0833770096EF88 /* CoreDataManager.swift in Sources */ = {isa = PBXBuildFile; fileRef = 18D4BBFC2E0833770096EF88 /* CoreDataManager.swift */; };
		18D4BC1E2E0833770096EF88 /* Inter-Light-BETA.otf in Resources */ = {isa = PBXBuildFile; fileRef = 18D4BBDC2E0833770096EF88 /* Inter-Light-BETA.otf */; };
		18D4BC202E0833770096EF88 /* Inter-Medium.otf in Resources */ = {isa = PBXBuildFile; fileRef = 18D4BBDD2E0833770096EF88 /* Inter-Medium.otf */; };
		18D4BC212E0833770096EF88 /* Inter-Regular.otf in Resources */ = {isa = PBXBuildFile; fileRef = 18D4BBDE2E0833770096EF88 /* Inter-Regular.otf */; };
		18D4BC222E0833770096EF88 /* Assets.xcassets in Resources */ = {isa = PBXBuildFile; fileRef = 18D4BBE22E0833770096EF88 /* Assets.xcassets */; };
		18D4BC232E0833770096EF88 /* Inter-SemiBold.otf in Resources */ = {isa = PBXBuildFile; fileRef = 18D4BBDF2E0833770096EF88 /* Inter-SemiBold.otf */; };
		18D4BC242E0833770096EF88 /* to_do.json in Resources */ = {isa = PBXBuildFile; fileRef = 18D4BBD72E0833770096EF88 /* to_do.json */; };
		18D4BC252E0833770096EF88 /* Inter-Bold.otf in Resources */ = {isa = PBXBuildFile; fileRef = 18D4BBD92E0833770096EF88 /* Inter-Bold.otf */; };
		18D4BC272E0833770096EF88 /* Preview Assets.xcassets in Resources */ = {isa = PBXBuildFile; fileRef = 18D4BBFA2E0833770096EF88 /* Preview Assets.xcassets */; };
		18D4BC282E0833770096EF88 /* ToDoList.xcdatamodeld in Sources */ = {isa = PBXBuildFile; fileRef = 18D4BC032E0833770096EF88 /* ToDoList.xcdatamodeld */; };
		18D87CEA2E19683700A1376C /* SSDateTimePicker in Frameworks */ = {isa = PBXBuildFile; productRef = 18D87CE92E19683700A1376C /* SSDateTimePicker */; };
		18D87CEE2E19752400A1376C /* Date+Extension.swift in Sources */ = {isa = PBXBuildFile; fileRef = 18D87CED2E19752400A1376C /* Date+Extension.swift */; };
		18D87CF42E198B2E00A1376C /* CalenderGridView.swift in Sources */ = {isa = PBXBuildFile; fileRef = 18D87CF32E198B2E00A1376C /* CalenderGridView.swift */; };
		18D87CF82E1997B500A1376C /* TasksStatusView.swift in Sources */ = {isa = PBXBuildFile; fileRef = 18D87CF72E1997B500A1376C /* TasksStatusView.swift */; };
		18E64E122DD3BB0B0065CCC3 /* Lottie in Frameworks */ = {isa = PBXBuildFile; productRef = 18E64E112DD3BB0B0065CCC3 /* Lottie */; };
		215A9C8A23925E6333271DDE /* Pods_helloSwiftUI.framework in Frameworks */ = {isa = PBXBuildFile; fileRef = 5BF716B3A1198E072B416CDD /* Pods_helloSwiftUI.framework */; };
/* End PBXBuildFile section */

/* Begin PBXFileReference section */
		1814060E2E1ACCAD001B05D6 /* TaskSummaryModel.swift */ = {isa = PBXFileReference; lastKnownFileType = sourcecode.swift; path = TaskSummaryModel.swift; sourceTree = "<group>"; };
		181406102E1AE268001B05D6 /* NotifcationManager.swift */ = {isa = PBXFileReference; lastKnownFileType = sourcecode.swift; path = NotifcationManager.swift; sourceTree = "<group>"; };
		182C707A2E68CECE007A9575 /* PremiumFeatureView.swift */ = {isa = PBXFileReference; lastKnownFileType = sourcecode.swift; path = PremiumFeatureView.swift; sourceTree = "<group>"; };
		18657AE92E0B45440092ACEA /* DashboardGridView.swift */ = {isa = PBXFileReference; lastKnownFileType = sourcecode.swift; path = DashboardGridView.swift; sourceTree = "<group>"; };
		18657AEB2E0B45B70092ACEA /* TaskListsView.swift */ = {isa = PBXFileReference; lastKnownFileType = sourcecode.swift; path = TaskListsView.swift; sourceTree = "<group>"; };
		189A17652E5063E700DA19CF /* PremiumVC.swift */ = {isa = PBXFileReference; lastKnownFileType = sourcecode.swift; path = PremiumVC.swift; sourceTree = "<group>"; };
		189A17672E51CC1A00DA19CF /* AddNewListVC.swift */ = {isa = PBXFileReference; lastKnownFileType = sourcecode.swift; path = AddNewListVC.swift; sourceTree = "<group>"; };
		18B298572D900E120039633B /* helloSwiftUI.app */ = {isa = PBXFileReference; explicitFileType = wrapper.application; includeInIndex = 0; path = helloSwiftUI.app; sourceTree = BUILT_PRODUCTS_DIR; };
		18D4BBD52E0833770096EF88 /* FocusFlow.swift */ = {isa = PBXFileReference; lastKnownFileType = sourcecode.swift; path = FocusFlow.swift; sourceTree = "<group>"; };
		18D4BBD72E0833770096EF88 /* to_do.json */ = {isa = PBXFileReference; lastKnownFileType = text.json; path = to_do.json; sourceTree = "<group>"; };
		18D4BBD92E0833770096EF88 /* Inter-Bold.otf */ = {isa = PBXFileReference; lastKnownFileType = file; path = "Inter-Bold.otf"; sourceTree = "<group>"; };
		18D4BBDC2E0833770096EF88 /* Inter-Light-BETA.otf */ = {isa = PBXFileReference; lastKnownFileType = file; path = "Inter-Light-BETA.otf"; sourceTree = "<group>"; };
		18D4BBDD2E0833770096EF88 /* Inter-Medium.otf */ = {isa = PBXFileReference; lastKnownFileType = file; path = "Inter-Medium.otf"; sourceTree = "<group>"; };
		18D4BBDE2E0833770096EF88 /* Inter-Regular.otf */ = {isa = PBXFileReference; lastKnownFileType = file; path = "Inter-Regular.otf"; sourceTree = "<group>"; };
		18D4BBDF2E0833770096EF88 /* Inter-SemiBold.otf */ = {isa = PBXFileReference; lastKnownFileType = file; path = "Inter-SemiBold.otf"; sourceTree = "<group>"; };
		18D4BBE22E0833770096EF88 /* Assets.xcassets */ = {isa = PBXFileReference; lastKnownFileType = folder.assetcatalog; path = Assets.xcassets; sourceTree = "<group>"; };
		18D4BBE42E0833770096EF88 /* AddNewTaskVC.swift */ = {isa = PBXFileReference; lastKnownFileType = sourcecode.swift; path = AddNewTaskVC.swift; sourceTree = "<group>"; };
		18D4BBE52E0833770096EF88 /* CalenderVC.swift */ = {isa = PBXFileReference; lastKnownFileType = sourcecode.swift; path = CalenderVC.swift; sourceTree = "<group>"; };
		18D4BBE62E0833770096EF88 /* HomeVC.swift */ = {isa = PBXFileReference; lastKnownFileType = sourcecode.swift; path = HomeVC.swift; sourceTree = "<group>"; };
		18D4BBE72E0833770096EF88 /* OnboardingVC.swift */ = {isa = PBXFileReference; lastKnownFileType = sourcecode.swift; path = OnboardingVC.swift; sourceTree = "<group>"; };
		18D4BBE82E0833770096EF88 /* SettingsVC.swift */ = {isa = PBXFileReference; lastKnownFileType = sourcecode.swift; path = SettingsVC.swift; sourceTree = "<group>"; };
		18D4BBE92E0833770096EF88 /* SplashVC.swift */ = {isa = PBXFileReference; lastKnownFileType = sourcecode.swift; path = SplashVC.swift; sourceTree = "<group>"; };
		18D4BBEA2E0833770096EF88 /* TasksVC.swift */ = {isa = PBXFileReference; lastKnownFileType = sourcecode.swift; path = TasksVC.swift; sourceTree = "<group>"; };
		18D4BBEC2E0833770096EF88 /* GridToDoCardItemView.swift */ = {isa = PBXFileReference; lastKnownFileType = sourcecode.swift; path = GridToDoCardItemView.swift; sourceTree = "<group>"; };
		18D4BBED2E0833770096EF88 /* ListToDoItemView.swift */ = {isa = PBXFileReference; lastKnownFileType = sourcecode.swift; path = ListToDoItemView.swift; sourceTree = "<group>"; };
		18D4BBEE2E0833770096EF88 /* NoTasksFoundView.swift */ = {isa = PBXFileReference; lastKnownFileType = sourcecode.swift; path = NoTasksFoundView.swift; sourceTree = "<group>"; };
		18D4BBEF2E0833770096EF88 /* ResizableGridCell.swift */ = {isa = PBXFileReference; lastKnownFileType = sourcecode.swift; path = ResizableGridCell.swift; sourceTree = "<group>"; };
		18D4BBF02E0833770096EF88 /* settingsView.swift */ = {isa = PBXFileReference; lastKnownFileType = sourcecode.swift; path = settingsView.swift; sourceTree = "<group>"; };
		18D4BBF12E0833770096EF88 /* TaskDetailCell.swift */ = {isa = PBXFileReference; lastKnownFileType = sourcecode.swift; path = TaskDetailCell.swift; sourceTree = "<group>"; };
		18D4BBF32E0833770096EF88 /* Color+Extension.swift */ = {isa = PBXFileReference; lastKnownFileType = sourcecode.swift; path = "Color+Extension.swift"; sourceTree = "<group>"; };
		18D4BBF42E0833770096EF88 /* DataModels.swift */ = {isa = PBXFileReference; lastKnownFileType = sourcecode.swift; path = DataModels.swift; sourceTree = "<group>"; };
		18D4BBF52E0833770096EF88 /* ThemeManager.swift */ = {isa = PBXFileReference; lastKnownFileType = sourcecode.swift; path = ThemeManager.swift; sourceTree = "<group>"; };
		18D4BBF72E0833770096EF88 /* TaskListModel.swift */ = {isa = PBXFileReference; lastKnownFileType = sourcecode.swift; path = TaskListModel.swift; sourceTree = "<group>"; };
		18D4BBF82E0833770096EF88 /* TaskModel.swift */ = {isa = PBXFileReference; lastKnownFileType = sourcecode.swift; path = TaskModel.swift; sourceTree = "<group>"; };
		18D4BBFA2E0833770096EF88 /* Preview Assets.xcassets */ = {isa = PBXFileReference; lastKnownFileType = folder.assetcatalog; path = "Preview Assets.xcassets"; sourceTree = "<group>"; };
		18D4BBFC2E0833770096EF88 /* CoreDataManager.swift */ = {isa = PBXFileReference; lastKnownFileType = sourcecode.swift; path = CoreDataManager.swift; sourceTree = "<group>"; };
		18D4BBFD2E0833770096EF88 /* ListRepo.swift */ = {isa = PBXFileReference; lastKnownFileType = sourcecode.swift; path = ListRepo.swift; sourceTree = "<group>"; };
		18D4BBFE2E0833770096EF88 /* ListViewModel.swift */ = {isa = PBXFileReference; lastKnownFileType = sourcecode.swift; path = ListViewModel.swift; sourceTree = "<group>"; };
		18D4BBFF2E0833770096EF88 /* TaskRepo.swift */ = {isa = PBXFileReference; lastKnownFileType = sourcecode.swift; path = TaskRepo.swift; sourceTree = "<group>"; };
		18D4BC002E0833770096EF88 /* TaskViewModel.swift */ = {isa = PBXFileReference; lastKnownFileType = sourcecode.swift; path = TaskViewModel.swift; sourceTree = "<group>"; };
		18D4BC052E0833770096EF88 /* ToDoList.xcdatamodel */ = {isa = PBXFileReference; lastKnownFileType = wrapper.xcdatamodel; path = ToDoList.xcdatamodel; sourceTree = "<group>"; };
		18D87CED2E19752400A1376C /* Date+Extension.swift */ = {isa = PBXFileReference; lastKnownFileType = sourcecode.swift; path = "Date+Extension.swift"; sourceTree = "<group>"; };
		18D87CF32E198B2E00A1376C /* CalenderGridView.swift */ = {isa = PBXFileReference; lastKnownFileType = sourcecode.swift; path = CalenderGridView.swift; sourceTree = "<group>"; };
		18D87CF72E1997B500A1376C /* TasksStatusView.swift */ = {isa = PBXFileReference; lastKnownFileType = sourcecode.swift; path = TasksStatusView.swift; sourceTree = "<group>"; };
		4436E74CEDC7FC1336393601 /* Pods-helloSwiftUI.debug.xcconfig */ = {isa = PBXFileReference; includeInIndex = 1; lastKnownFileType = text.xcconfig; name = "Pods-helloSwiftUI.debug.xcconfig"; path = "Target Support Files/Pods-helloSwiftUI/Pods-helloSwiftUI.debug.xcconfig"; sourceTree = "<group>"; };
		5BF716B3A1198E072B416CDD /* Pods_helloSwiftUI.framework */ = {isa = PBXFileReference; explicitFileType = wrapper.framework; includeInIndex = 0; path = Pods_helloSwiftUI.framework; sourceTree = BUILT_PRODUCTS_DIR; };
		B3A66199285FF733AD515331 /* Pods-helloSwiftUI.release.xcconfig */ = {isa = PBXFileReference; includeInIndex = 1; lastKnownFileType = text.xcconfig; name = "Pods-helloSwiftUI.release.xcconfig"; path = "Target Support Files/Pods-helloSwiftUI/Pods-helloSwiftUI.release.xcconfig"; sourceTree = "<group>"; };
/* End PBXFileReference section */

/* Begin PBXFrameworksBuildPhase section */
		18B298542D900E120039633B /* Frameworks */ = {
			isa = PBXFrameworksBuildPhase;
			buildActionMask = 2147483647;
			files = (
				182D72282DD2730600F4D25A /* Flow in Frameworks */,
				215A9C8A23925E6333271DDE /* Pods_helloSwiftUI.framework in Frameworks */,
				18D87CEA2E19683700A1376C /* SSDateTimePicker in Frameworks */,
				182D722D2DD280B800F4D25A /* Flow in Frameworks */,
				18E64E122DD3BB0B0065CCC3 /* Lottie in Frameworks */,
			);
			runOnlyForDeploymentPostprocessing = 0;
		};
/* End PBXFrameworksBuildPhase section */

/* Begin PBXGroup section */
		18B2984E2D900E120039633B = {
			isa = PBXGroup;
			children = (
				18D4BC042E0833770096EF88 /* helloSwiftUI */,
				18B298582D900E120039633B /* Products */,
				9BDB1B325426F8383C1A506F /* Pods */,
				EBB908E7886BEC67A232FF5C /* Frameworks */,
			);
			sourceTree = "<group>";
		};
		18B298582D900E120039633B /* Products */ = {
			isa = PBXGroup;
			children = (
				18B298572D900E120039633B /* helloSwiftUI.app */,
			);
			name = Products;
			sourceTree = "<group>";
		};
		18D4BBD62E0833770096EF88 /* App */ = {
			isa = PBXGroup;
			children = (
				18D4BBD52E0833770096EF88 /* FocusFlow.swift */,
			);
			path = App;
			sourceTree = "<group>";
		};
		18D4BBD82E0833770096EF88 /* Animations */ = {
			isa = PBXGroup;
			children = (
				18D4BBD72E0833770096EF88 /* to_do.json */,
			);
			path = Animations;
			sourceTree = "<group>";
		};
		18D4BBE02E0833770096EF88 /* inter */ = {
			isa = PBXGroup;
			children = (
				18D4BBD92E0833770096EF88 /* Inter-Bold.otf */,
				18D4BBDC2E0833770096EF88 /* Inter-Light-BETA.otf */,
				18D4BBDD2E0833770096EF88 /* Inter-Medium.otf */,
				18D4BBDE2E0833770096EF88 /* Inter-Regular.otf */,
				18D4BBDF2E0833770096EF88 /* Inter-SemiBold.otf */,
			);
			path = inter;
			sourceTree = "<group>";
		};
		18D4BBE12E0833770096EF88 /* Fonts */ = {
			isa = PBXGroup;
			children = (
				18D4BBE02E0833770096EF88 /* inter */,
			);
			path = Fonts;
			sourceTree = "<group>";
		};
		18D4BBE32E0833770096EF88 /* Assets */ = {
			isa = PBXGroup;
			children = (
				18D4BBD82E0833770096EF88 /* Animations */,
				18D4BBE12E0833770096EF88 /* Fonts */,
				18D4BBE22E0833770096EF88 /* Assets.xcassets */,
			);
			path = Assets;
			sourceTree = "<group>";
		};
		18D4BBEB2E0833770096EF88 /* Controllers */ = {
			isa = PBXGroup;
			children = (
				18D4BBE42E0833770096EF88 /* AddNewTaskVC.swift */,
				18D4BBE52E0833770096EF88 /* CalenderVC.swift */,
				18D4BBE62E0833770096EF88 /* HomeVC.swift */,
				18D4BBE72E0833770096EF88 /* OnboardingVC.swift */,
				18D4BBE82E0833770096EF88 /* SettingsVC.swift */,
				18D4BBE92E0833770096EF88 /* SplashVC.swift */,
				18D4BBEA2E0833770096EF88 /* TasksVC.swift */,
				189A17652E5063E700DA19CF /* PremiumVC.swift */,
				189A17672E51CC1A00DA19CF /* AddNewListVC.swift */,
			);
			path = Controllers;
			sourceTree = "<group>";
		};
		18D4BBF22E0833770096EF88 /* Custom Views */ = {
			isa = PBXGroup;
			children = (
				18657AEB2E0B45B70092ACEA /* TaskListsView.swift */,
				18D4BBEC2E0833770096EF88 /* GridToDoCardItemView.swift */,
				18D4BBED2E0833770096EF88 /* ListToDoItemView.swift */,
				18D4BBEE2E0833770096EF88 /* NoTasksFoundView.swift */,
				18D4BBEF2E0833770096EF88 /* ResizableGridCell.swift */,
				18D4BBF02E0833770096EF88 /* settingsView.swift */,
				18D4BBF12E0833770096EF88 /* TaskDetailCell.swift */,
				18657AE92E0B45440092ACEA /* DashboardGridView.swift */,
				18D87CF32E198B2E00A1376C /* CalenderGridView.swift */,
				18D87CF72E1997B500A1376C /* TasksStatusView.swift */,
				182C707A2E68CECE007A9575 /* PremiumFeatureView.swift */,
			);
			path = "Custom Views";
			sourceTree = "<group>";
		};
		18D4BBF62E0833770096EF88 /* Helpers */ = {
			isa = PBXGroup;
			children = (
				18D4BBF42E0833770096EF88 /* DataModels.swift */,
				18D4BBF52E0833770096EF88 /* ThemeManager.swift */,
				181406102E1AE268001B05D6 /* NotifcationManager.swift */,
			);
			path = Helpers;
			sourceTree = "<group>";
		};
		18D4BBF92E0833770096EF88 /* Models */ = {
			isa = PBXGroup;
			children = (
				18D4BBF82E0833770096EF88 /* TaskModel.swift */,
				18D4BBF72E0833770096EF88 /* TaskListModel.swift */,
				1814060E2E1ACCAD001B05D6 /* TaskSummaryModel.swift */,
			);
			path = Models;
			sourceTree = "<group>";
		};
		18D4BBFB2E0833770096EF88 /* Preview Content */ = {
			isa = PBXGroup;
			children = (
				18D4BBFA2E0833770096EF88 /* Preview Assets.xcassets */,
			);
			path = "Preview Content";
			sourceTree = "<group>";
		};
		18D4BC012E0833770096EF88 /* Repo */ = {
			isa = PBXGroup;
			children = (
				18D4BC032E0833770096EF88 /* ToDoList.xcdatamodeld */,
				18D4BBFC2E0833770096EF88 /* CoreDataManager.swift */,
				18D4BBFD2E0833770096EF88 /* ListRepo.swift */,
				18D4BBFF2E0833770096EF88 /* TaskRepo.swift */,
			);
			path = Repo;
			sourceTree = "<group>";
		};
		18D4BC022E0833770096EF88 /* ViewModels */ = {
			isa = PBXGroup;
			children = (
				18D4BBFE2E0833770096EF88 /* ListViewModel.swift */,
				18D4BC002E0833770096EF88 /* TaskViewModel.swift */,
			);
			path = ViewModels;
			sourceTree = "<group>";
		};
		18D4BC042E0833770096EF88 /* helloSwiftUI */ = {
			isa = PBXGroup;
			children = (
				18D87CEC2E19744F00A1376C /* Extensions */,
				18D4BBD62E0833770096EF88 /* App */,
				18D4BBE32E0833770096EF88 /* Assets */,
				18D4BBEB2E0833770096EF88 /* Controllers */,
				18D4BBF22E0833770096EF88 /* Custom Views */,
				18D4BBF62E0833770096EF88 /* Helpers */,
				18D4BC022E0833770096EF88 /* ViewModels */,
				18D4BC012E0833770096EF88 /* Repo */,
				18D4BBF92E0833770096EF88 /* Models */,
				18D4BBFB2E0833770096EF88 /* Preview Content */,
			);
			path = helloSwiftUI;
			sourceTree = "<group>";
		};
		18D87CEC2E19744F00A1376C /* Extensions */ = {
			isa = PBXGroup;
			children = (
				18D4BBF32E0833770096EF88 /* Color+Extension.swift */,
				18D87CED2E19752400A1376C /* Date+Extension.swift */,
			);
			path = Extensions;
			sourceTree = "<group>";
		};
		9BDB1B325426F8383C1A506F /* Pods */ = {
			isa = PBXGroup;
			children = (
				4436E74CEDC7FC1336393601 /* Pods-helloSwiftUI.debug.xcconfig */,
				B3A66199285FF733AD515331 /* Pods-helloSwiftUI.release.xcconfig */,
			);
			path = Pods;
			sourceTree = "<group>";
		};
		EBB908E7886BEC67A232FF5C /* Frameworks */ = {
			isa = PBXGroup;
			children = (
				5BF716B3A1198E072B416CDD /* Pods_helloSwiftUI.framework */,
			);
			name = Frameworks;
			sourceTree = "<group>";
		};
/* End PBXGroup section */

/* Begin PBXNativeTarget section */
		18B298562D900E120039633B /* helloSwiftUI */ = {
			isa = PBXNativeTarget;
			buildConfigurationList = 18B298652D900E150039633B /* Build configuration list for PBXNativeTarget "helloSwiftUI" */;
			buildPhases = (
				58A67EF5B257EF9ABABD4A45 /* [CP] Check Pods Manifest.lock */,
				18B298532D900E120039633B /* Sources */,
				18B298542D900E120039633B /* Frameworks */,
				18B298552D900E120039633B /* Resources */,
			);
			buildRules = (
			);
			dependencies = (
			);
			name = helloSwiftUI;
			productName = helloSwiftUI;
			productReference = 18B298572D900E120039633B /* helloSwiftUI.app */;
			productType = "com.apple.product-type.application";
		};
/* End PBXNativeTarget section */

/* Begin PBXProject section */
		18B2984F2D900E120039633B /* Project object */ = {
			isa = PBXProject;
			attributes = {
				BuildIndependentTargetsInParallel = 1;
				LastSwiftUpdateCheck = 1620;
				LastUpgradeCheck = 1620;
				TargetAttributes = {
					18B298562D900E120039633B = {
						CreatedOnToolsVersion = 16.2;
					};
				};
			};
			buildConfigurationList = 18B298522D900E120039633B /* Build configuration list for PBXProject "helloSwiftUI" */;
			developmentRegion = en;
			hasScannedForEncodings = 0;
			knownRegions = (
				en,
				Base,
			);
			mainGroup = 18B2984E2D900E120039633B;
			minimizedProjectReferenceProxies = 1;
			packageReferences = (
				182D72262DD2730600F4D25A /* XCRemoteSwiftPackageReference "SwiftUI-Flow" */,
				18E64E102DD3BB0B0065CCC3 /* XCRemoteSwiftPackageReference "lottie-spm" */,
				18D87CE82E19683700A1376C /* XCRemoteSwiftPackageReference "SSDateTimePicker" */,
			);
			preferredProjectObjectVersion = 77;
			productRefGroup = 18B298582D900E120039633B /* Products */;
			projectDirPath = "";
			projectRoot = "";
			targets = (
				18B298562D900E120039633B /* helloSwiftUI */,
			);
		};
/* End PBXProject section */

/* Begin PBXResourcesBuildPhase section */
		18B298552D900E120039633B /* Resources */ = {
			isa = PBXResourcesBuildPhase;
			buildActionMask = 2147483647;
			files = (
				18D4BC1E2E0833770096EF88 /* Inter-Light-BETA.otf in Resources */,
				18D4BC202E0833770096EF88 /* Inter-Medium.otf in Resources */,
				18D4BC212E0833770096EF88 /* Inter-Regular.otf in Resources */,
				18D4BC222E0833770096EF88 /* Assets.xcassets in Resources */,
				18D4BC232E0833770096EF88 /* Inter-SemiBold.otf in Resources */,
				18D4BC242E0833770096EF88 /* to_do.json in Resources */,
				18D4BC252E0833770096EF88 /* Inter-Bold.otf in Resources */,
				18D4BC272E0833770096EF88 /* Preview Assets.xcassets in Resources */,
			);
			runOnlyForDeploymentPostprocessing = 0;
		};
/* End PBXResourcesBuildPhase section */

/* Begin PBXShellScriptBuildPhase section */
		58A67EF5B257EF9ABABD4A45 /* [CP] Check Pods Manifest.lock */ = {
			isa = PBXShellScriptBuildPhase;
			buildActionMask = 2147483647;
			files = (
			);
			inputFileListPaths = (
			);
			inputPaths = (
				"${PODS_PODFILE_DIR_PATH}/Podfile.lock",
				"${PODS_ROOT}/Manifest.lock",
			);
			name = "[CP] Check Pods Manifest.lock";
			outputFileListPaths = (
			);
			outputPaths = (
				"$(DERIVED_FILE_DIR)/Pods-helloSwiftUI-checkManifestLockResult.txt",
			);
			runOnlyForDeploymentPostprocessing = 0;
			shellPath = /bin/sh;
			shellScript = "diff \"${PODS_PODFILE_DIR_PATH}/Podfile.lock\" \"${PODS_ROOT}/Manifest.lock\" > /dev/null\nif [ $? != 0 ] ; then\n    # print error to STDERR\n    echo \"error: The sandbox is not in sync with the Podfile.lock. Run 'pod install' or update your CocoaPods installation.\" >&2\n    exit 1\nfi\n# This output is used by Xcode 'outputs' to avoid re-running this script phase.\necho \"SUCCESS\" > \"${SCRIPT_OUTPUT_FILE_0}\"\n";
			showEnvVarsInLog = 0;
		};
/* End PBXShellScriptBuildPhase section */

/* Begin PBXSourcesBuildPhase section */
		18B298532D900E120039633B /* Sources */ = {
			isa = PBXSourcesBuildPhase;
			buildActionMask = 2147483647;
			files = (
				18D4BC062E0833770096EF88 /* OnboardingVC.swift in Sources */,
				18D4BC072E0833770096EF88 /* SettingsVC.swift in Sources */,
				18D4BC082E0833770096EF88 /* HomeVC.swift in Sources */,
				1814060F2E1ACCAD001B05D6 /* TaskSummaryModel.swift in Sources */,
				18D4BC092E0833770096EF88 /* TaskModel.swift in Sources */,
				18D4BC0A2E0833770096EF88 /* settingsView.swift in Sources */,
				18657AEC2E0B45BC0092ACEA /* TaskListsView.swift in Sources */,
				18D87CF42E198B2E00A1376C /* CalenderGridView.swift in Sources */,
				18D4BC0B2E0833770096EF88 /* CalenderVC.swift in Sources */,
				18D4BC0C2E0833770096EF88 /* TasksVC.swift in Sources */,
				18657AEA2E0B45440092ACEA /* DashboardGridView.swift in Sources */,
				18D4BC0D2E0833770096EF88 /* ResizableGridCell.swift in Sources */,
				181406112E1AE268001B05D6 /* NotifcationManager.swift in Sources */,
				18D4BC0E2E0833770096EF88 /* TaskRepo.swift in Sources */,
				18D4BC0F2E0833770096EF88 /* FocusFlow.swift in Sources */,
				18D4BC102E0833770096EF88 /* Color+Extension.swift in Sources */,
				189A17662E5063E700DA19CF /* PremiumVC.swift in Sources */,
				18D4BC112E0833770096EF88 /* GridToDoCardItemView.swift in Sources */,
				18D4BC122E0833770096EF88 /* AddNewTaskVC.swift in Sources */,
				18D4BC132E0833770096EF88 /* ListRepo.swift in Sources */,
				18D4BC142E0833770096EF88 /* ListToDoItemView.swift in Sources */,
				18D4BC152E0833770096EF88 /* NoTasksFoundView.swift in Sources */,
				182C707B2E68CECE007A9575 /* PremiumFeatureView.swift in Sources */,
				18D87CF82E1997B500A1376C /* TasksStatusView.swift in Sources */,
				18D4BC162E0833770096EF88 /* ThemeManager.swift in Sources */,
				18D4BC172E0833770096EF88 /* ListViewModel.swift in Sources */,
				18D4BC182E0833770096EF88 /* TaskViewModel.swift in Sources */,
				18D4BC192E0833770096EF88 /* TaskDetailCell.swift in Sources */,
				18D4BC1A2E0833770096EF88 /* DataModels.swift in Sources */,
				18D87CEE2E19752400A1376C /* Date+Extension.swift in Sources */,
				18D4BC1B2E0833770096EF88 /* SplashVC.swift in Sources */,
				18D4BC1C2E0833770096EF88 /* TaskListModel.swift in Sources */,
				18D4BC282E0833770096EF88 /* ToDoList.xcdatamodeld in Sources */,
				18D4BC1D2E0833770096EF88 /* CoreDataManager.swift in Sources */,
				189A17682E51CC1A00DA19CF /* AddNewListVC.swift in Sources */,
			);
			runOnlyForDeploymentPostprocessing = 0;
		};
/* End PBXSourcesBuildPhase section */

/* Begin XCBuildConfiguration section */
		18B298632D900E150039633B /* Debug */ = {
			isa = XCBuildConfiguration;
			buildSettings = {
				ALWAYS_SEARCH_USER_PATHS = NO;
				ASSETCATALOG_COMPILER_GENERATE_SWIFT_ASSET_SYMBOL_EXTENSIONS = YES;
				CLANG_ANALYZER_NONNULL = YES;
				CLANG_ANALYZER_NUMBER_OBJECT_CONVERSION = YES_AGGRESSIVE;
				CLANG_CXX_LANGUAGE_STANDARD = "gnu++20";
				CLANG_ENABLE_MODULES = YES;
				CLANG_ENABLE_OBJC_ARC = YES;
				CLANG_ENABLE_OBJC_WEAK = YES;
				CLANG_WARN_BLOCK_CAPTURE_AUTORELEASING = YES;
				CLANG_WARN_BOOL_CONVERSION = YES;
				CLANG_WARN_COMMA = YES;
				CLANG_WARN_CONSTANT_CONVERSION = YES;
				CLANG_WARN_DEPRECATED_OBJC_IMPLEMENTATIONS = YES;
				CLANG_WARN_DIRECT_OBJC_ISA_USAGE = YES_ERROR;
				CLANG_WARN_DOCUMENTATION_COMMENTS = YES;
				CLANG_WARN_EMPTY_BODY = YES;
				CLANG_WARN_ENUM_CONVERSION = YES;
				CLANG_WARN_INFINITE_RECURSION = YES;
				CLANG_WARN_INT_CONVERSION = YES;
				CLANG_WARN_NON_LITERAL_NULL_CONVERSION = YES;
				CLANG_WARN_OBJC_IMPLICIT_RETAIN_SELF = YES;
				CLANG_WARN_OBJC_LITERAL_CONVERSION = YES;
				CLANG_WARN_OBJC_ROOT_CLASS = YES_ERROR;
				CLANG_WARN_QUOTED_INCLUDE_IN_FRAMEWORK_HEADER = YES;
				CLANG_WARN_RANGE_LOOP_ANALYSIS = YES;
				CLANG_WARN_STRICT_PROTOTYPES = YES;
				CLANG_WARN_SUSPICIOUS_MOVE = YES;
				CLANG_WARN_UNGUARDED_AVAILABILITY = YES_AGGRESSIVE;
				CLANG_WARN_UNREACHABLE_CODE = YES;
				CLANG_WARN__DUPLICATE_METHOD_MATCH = YES;
				COPY_PHASE_STRIP = NO;
				DEBUG_INFORMATION_FORMAT = dwarf;
				ENABLE_STRICT_OBJC_MSGSEND = YES;
				ENABLE_TESTABILITY = YES;
				ENABLE_USER_SCRIPT_SANDBOXING = YES;
				GCC_C_LANGUAGE_STANDARD = gnu17;
				GCC_DYNAMIC_NO_PIC = NO;
				GCC_NO_COMMON_BLOCKS = YES;
				GCC_OPTIMIZATION_LEVEL = 0;
				GCC_PREPROCESSOR_DEFINITIONS = (
					"DEBUG=1",
					"$(inherited)",
				);
				GCC_WARN_64_TO_32_BIT_CONVERSION = YES;
				GCC_WARN_ABOUT_RETURN_TYPE = YES_ERROR;
				GCC_WARN_UNDECLARED_SELECTOR = YES;
				GCC_WARN_UNINITIALIZED_AUTOS = YES_AGGRESSIVE;
				GCC_WARN_UNUSED_FUNCTION = YES;
				GCC_WARN_UNUSED_VARIABLE = YES;
				IPHONEOS_DEPLOYMENT_TARGET = 18.2;
				LOCALIZATION_PREFERS_STRING_CATALOGS = YES;
				MTL_ENABLE_DEBUG_INFO = INCLUDE_SOURCE;
				MTL_FAST_MATH = YES;
				ONLY_ACTIVE_ARCH = YES;
				SDKROOT = iphoneos;
				SWIFT_ACTIVE_COMPILATION_CONDITIONS = "DEBUG $(inherited)";
				SWIFT_OPTIMIZATION_LEVEL = "-Onone";
			};
			name = Debug;
		};
		18B298642D900E150039633B /* Release */ = {
			isa = XCBuildConfiguration;
			buildSettings = {
				ALWAYS_SEARCH_USER_PATHS = NO;
				ASSETCATALOG_COMPILER_GENERATE_SWIFT_ASSET_SYMBOL_EXTENSIONS = YES;
				CLANG_ANALYZER_NONNULL = YES;
				CLANG_ANALYZER_NUMBER_OBJECT_CONVERSION = YES_AGGRESSIVE;
				CLANG_CXX_LANGUAGE_STANDARD = "gnu++20";
				CLANG_ENABLE_MODULES = YES;
				CLANG_ENABLE_OBJC_ARC = YES;
				CLANG_ENABLE_OBJC_WEAK = YES;
				CLANG_WARN_BLOCK_CAPTURE_AUTORELEASING = YES;
				CLANG_WARN_BOOL_CONVERSION = YES;
				CLANG_WARN_COMMA = YES;
				CLANG_WARN_CONSTANT_CONVERSION = YES;
				CLANG_WARN_DEPRECATED_OBJC_IMPLEMENTATIONS = YES;
				CLANG_WARN_DIRECT_OBJC_ISA_USAGE = YES_ERROR;
				CLANG_WARN_DOCUMENTATION_COMMENTS = YES;
				CLANG_WARN_EMPTY_BODY = YES;
				CLANG_WARN_ENUM_CONVERSION = YES;
				CLANG_WARN_INFINITE_RECURSION = YES;
				CLANG_WARN_INT_CONVERSION = YES;
				CLANG_WARN_NON_LITERAL_NULL_CONVERSION = YES;
				CLANG_WARN_OBJC_IMPLICIT_RETAIN_SELF = YES;
				CLANG_WARN_OBJC_LITERAL_CONVERSION = YES;
				CLANG_WARN_OBJC_ROOT_CLASS = YES_ERROR;
				CLANG_WARN_QUOTED_INCLUDE_IN_FRAMEWORK_HEADER = YES;
				CLANG_WARN_RANGE_LOOP_ANALYSIS = YES;
				CLANG_WARN_STRICT_PROTOTYPES = YES;
				CLANG_WARN_SUSPICIOUS_MOVE = YES;
				CLANG_WARN_UNGUARDED_AVAILABILITY = YES_AGGRESSIVE;
				CLANG_WARN_UNREACHABLE_CODE = YES;
				CLANG_WARN__DUPLICATE_METHOD_MATCH = YES;
				COPY_PHASE_STRIP = NO;
				DEBUG_INFORMATION_FORMAT = "dwarf-with-dsym";
				ENABLE_NS_ASSERTIONS = NO;
				ENABLE_STRICT_OBJC_MSGSEND = YES;
				ENABLE_USER_SCRIPT_SANDBOXING = YES;
				GCC_C_LANGUAGE_STANDARD = gnu17;
				GCC_NO_COMMON_BLOCKS = YES;
				GCC_WARN_64_TO_32_BIT_CONVERSION = YES;
				GCC_WARN_ABOUT_RETURN_TYPE = YES_ERROR;
				GCC_WARN_UNDECLARED_SELECTOR = YES;
				GCC_WARN_UNINITIALIZED_AUTOS = YES_AGGRESSIVE;
				GCC_WARN_UNUSED_FUNCTION = YES;
				GCC_WARN_UNUSED_VARIABLE = YES;
				IPHONEOS_DEPLOYMENT_TARGET = 18.2;
				LOCALIZATION_PREFERS_STRING_CATALOGS = YES;
				MTL_ENABLE_DEBUG_INFO = NO;
				MTL_FAST_MATH = YES;
				SDKROOT = iphoneos;
				SWIFT_COMPILATION_MODE = wholemodule;
				VALIDATE_PRODUCT = YES;
			};
			name = Release;
		};
		18B298662D900E150039633B /* Debug */ = {
			isa = XCBuildConfiguration;
			baseConfigurationReference = 4436E74CEDC7FC1336393601 /* Pods-helloSwiftUI.debug.xcconfig */;
			buildSettings = {
				ASSETCATALOG_COMPILER_APPICON_NAME = AppIcon;
				ASSETCATALOG_COMPILER_GLOBAL_ACCENT_COLOR_NAME = AccentColor;
				CODE_SIGN_STYLE = Automatic;
				CURRENT_PROJECT_VERSION = 1;
				DEVELOPMENT_ASSET_PATHS = "\"helloSwiftUI/Preview Content\"";
				DEVELOPMENT_TEAM = TR35P2TPAK;
				ENABLE_PREVIEWS = YES;
				ENABLE_USER_SCRIPT_SANDBOXING = NO;
				GENERATE_INFOPLIST_FILE = YES;
				INFOPLIST_KEY_CFBundleDisplayName = "Focus Flow";
				INFOPLIST_KEY_UIApplicationSceneManifest_Generation = YES;
				INFOPLIST_KEY_UIApplicationSupportsIndirectInputEvents = YES;
				INFOPLIST_KEY_UILaunchScreen_Generation = YES;
				INFOPLIST_KEY_UIStatusBarStyle = UIStatusBarStyleLightContent;
				INFOPLIST_KEY_UISupportedInterfaceOrientations_iPad = "UIInterfaceOrientationPortrait UIInterfaceOrientationPortraitUpsideDown UIInterfaceOrientationLandscapeLeft UIInterfaceOrientationLandscapeRight";
				INFOPLIST_KEY_UISupportedInterfaceOrientations_iPhone = "UIInterfaceOrientationPortrait UIInterfaceOrientationLandscapeLeft UIInterfaceOrientationLandscapeRight";
				IPHONEOS_DEPLOYMENT_TARGET = 17;
				LD_RUNPATH_SEARCH_PATHS = (
					"$(inherited)",
					"@executable_path/Frameworks",
				);
				MARKETING_VERSION = 1.0;
				PRODUCT_BUNDLE_IDENTIFIER = com.abdul.helloSwiftUI;
				PRODUCT_NAME = "$(TARGET_NAME)";
				SWIFT_EMIT_LOC_STRINGS = YES;
				SWIFT_VERSION = 5.0;
				TARGETED_DEVICE_FAMILY = "1,2";
			};
			name = Debug;
		};
		18B298672D900E150039633B /* Release */ = {
			isa = XCBuildConfiguration;
			baseConfigurationReference = B3A66199285FF733AD515331 /* Pods-helloSwiftUI.release.xcconfig */;
			buildSettings = {
				ASSETCATALOG_COMPILER_APPICON_NAME = AppIcon;
				ASSETCATALOG_COMPILER_GLOBAL_ACCENT_COLOR_NAME = AccentColor;
				CODE_SIGN_STYLE = Automatic;
				CURRENT_PROJECT_VERSION = 1;
				DEVELOPMENT_ASSET_PATHS = "\"helloSwiftUI/Preview Content\"";
				DEVELOPMENT_TEAM = TR35P2TPAK;
				ENABLE_PREVIEWS = YES;
				ENABLE_USER_SCRIPT_SANDBOXING = NO;
				GENERATE_INFOPLIST_FILE = YES;
				INFOPLIST_KEY_CFBundleDisplayName = "Focus Flow";
				INFOPLIST_KEY_UIApplicationSceneManifest_Generation = YES;
				INFOPLIST_KEY_UIApplicationSupportsIndirectInputEvents = YES;
				INFOPLIST_KEY_UILaunchScreen_Generation = YES;
				INFOPLIST_KEY_UIStatusBarStyle = UIStatusBarStyleLightContent;
				INFOPLIST_KEY_UISupportedInterfaceOrientations_iPad = "UIInterfaceOrientationPortrait UIInterfaceOrientationPortraitUpsideDown UIInterfaceOrientationLandscapeLeft UIInterfaceOrientationLandscapeRight";
				INFOPLIST_KEY_UISupportedInterfaceOrientations_iPhone = "UIInterfaceOrientationPortrait UIInterfaceOrientationLandscapeLeft UIInterfaceOrientationLandscapeRight";
				IPHONEOS_DEPLOYMENT_TARGET = 17;
				LD_RUNPATH_SEARCH_PATHS = (
					"$(inherited)",
					"@executable_path/Frameworks",
				);
				MARKETING_VERSION = 1.0;
				PRODUCT_BUNDLE_IDENTIFIER = com.abdul.helloSwiftUI;
				PRODUCT_NAME = "$(TARGET_NAME)";
				SWIFT_EMIT_LOC_STRINGS = YES;
				SWIFT_VERSION = 5.0;
				TARGETED_DEVICE_FAMILY = "1,2";
			};
			name = Release;
		};
/* End XCBuildConfiguration section */

/* Begin XCConfigurationList section */
		18B298522D900E120039633B /* Build configuration list for PBXProject "helloSwiftUI" */ = {
			isa = XCConfigurationList;
			buildConfigurations = (
				18B298632D900E150039633B /* Debug */,
				18B298642D900E150039633B /* Release */,
			);
			defaultConfigurationIsVisible = 0;
			defaultConfigurationName = Release;
		};
		18B298652D900E150039633B /* Build configuration list for PBXNativeTarget "helloSwiftUI" */ = {
			isa = XCConfigurationList;
			buildConfigurations = (
				18B298662D900E150039633B /* Debug */,
				18B298672D900E150039633B /* Release */,
			);
			defaultConfigurationIsVisible = 0;
			defaultConfigurationName = Release;
		};
/* End XCConfigurationList section */

/* Begin XCRemoteSwiftPackageReference section */
		182D72262DD2730600F4D25A /* XCRemoteSwiftPackageReference "SwiftUI-Flow" */ = {
			isa = XCRemoteSwiftPackageReference;
			repositoryURL = "https://github.com/tevelee/SwiftUI-Flow";
			requirement = {
				kind = upToNextMajorVersion;
				minimumVersion = 3.0.2;
			};
		};
		18D87CE82E19683700A1376C /* XCRemoteSwiftPackageReference "SSDateTimePicker" */ = {
			isa = XCRemoteSwiftPackageReference;
			repositoryURL = "https://github.com/SimformSolutionsPvtLtd/SSDateTimePicker";
			requirement = {
				kind = upToNextMajorVersion;
				minimumVersion = 1.0.0;
			};
		};
		18E64E102DD3BB0B0065CCC3 /* XCRemoteSwiftPackageReference "lottie-spm" */ = {
			isa = XCRemoteSwiftPackageReference;
			repositoryURL = "https://github.com/airbnb/lottie-spm.git";
			requirement = {
				kind = upToNextMajorVersion;
				minimumVersion = 4.5.1;
			};
		};
/* End XCRemoteSwiftPackageReference section */

/* Begin XCSwiftPackageProductDependency section */
		182D72272DD2730600F4D25A /* Flow */ = {
			isa = XCSwiftPackageProductDependency;
			package = 182D72262DD2730600F4D25A /* XCRemoteSwiftPackageReference "SwiftUI-Flow" */;
			productName = Flow;
		};
		182D722C2DD280B800F4D25A /* Flow */ = {
			isa = XCSwiftPackageProductDependency;
			package = 182D72262DD2730600F4D25A /* XCRemoteSwiftPackageReference "SwiftUI-Flow" */;
			productName = Flow;
		};
		18D87CE92E19683700A1376C /* SSDateTimePicker */ = {
			isa = XCSwiftPackageProductDependency;
			package = 18D87CE82E19683700A1376C /* XCRemoteSwiftPackageReference "SSDateTimePicker" */;
			productName = SSDateTimePicker;
		};
		18E64E112DD3BB0B0065CCC3 /* Lottie */ = {
			isa = XCSwiftPackageProductDependency;
			package = 18E64E102DD3BB0B0065CCC3 /* XCRemoteSwiftPackageReference "lottie-spm" */;
			productName = Lottie;
		};
/* End XCSwiftPackageProductDependency section */

/* Begin XCVersionGroup section */
		18D4BC032E0833770096EF88 /* ToDoList.xcdatamodeld */ = {
			isa = XCVersionGroup;
			children = (
				18D4BC052E0833770096EF88 /* ToDoList.xcdatamodel */,
			);
			currentVersion = 18D4BC052E0833770096EF88 /* ToDoList.xcdatamodel */;
			path = ToDoList.xcdatamodeld;
			sourceTree = "<group>";
			versionGroupType = wrapper.xcdatamodel;
		};
/* End XCVersionGroup section */
	};
	rootObject = 18B2984F2D900E120039633B /* Project object */;
}
