// !$*UTF8*$!
{
	archiveVersion = 1;
	classes = {
	};
	objectVersion = 77;
	objects = {

/* Begin PBXBuildFile section */
		182D72282DD2730600F4D25A /* Flow in Frameworks */ = {isa = PBXBuildFile; productRef = 182D72272DD2730600F4D25A /* Flow */; };
		182D722D2DD280B800F4D25A /* Flow in Frameworks */ = {isa = PBXBuildFile; productRef = 182D722C2DD280B800F4D25A /* Flow */; };
		187F6C352D995AEE00E6566E /* Preview Assets.xcassets in Resources */ = {isa = PBXBuildFile; fileRef = 187F6C2F2D995AEE00E6566E /* Preview Assets.xcassets */; };
		187F6C372D995AEE00E6566E /* OnboardingVC.swift in Sources */ = {isa = PBXBuildFile; fileRef = 187F6C322D995AEE00E6566E /* OnboardingVC.swift */; };
		187F6C382D995AEE00E6566E /* FocusFlow.swift in Sources */ = {isa = PBXBuildFile; fileRef = 187F6C332D995AEE00E6566E /* FocusFlow.swift */; };
		18809CA22DA0509C0051D702 /* ob_cell_view.swift in Sources */ = {isa = PBXBuildFile; fileRef = 18809CA12DA0509C0051D702 /* ob_cell_view.swift */; };
		18809CA62DA055070051D702 /* Assets.xcassets in Resources */ = {isa = PBXBuildFile; fileRef = 18809CA42DA055070051D702 /* Assets.xcassets */; };
		1899B1512DEAF4C5006246DA /* HomeVC.swift in Sources */ = {isa = PBXBuildFile; fileRef = 1899B1502DEAF4C5006246DA /* HomeVC.swift */; };
		1899B1532DEB14FA006246DA /* GridToDoCardItemView.swift in Sources */ = {isa = PBXBuildFile; fileRef = 1899B1522DEB14FA006246DA /* GridToDoCardItemView.swift */; };
		1899B1552DEB2647006246DA /* ListToDoItemView.swift in Sources */ = {isa = PBXBuildFile; fileRef = 1899B1542DEB2647006246DA /* ListToDoItemView.swift */; };
		1899B1572DEB9596006246DA /* TasksVC.swift in Sources */ = {isa = PBXBuildFile; fileRef = 1899B1562DEB9596006246DA /* TasksVC.swift */; };
		1899B1592DEB9A32006246DA /* NoTasksFoundView.swift in Sources */ = {isa = PBXBuildFile; fileRef = 1899B1582DEB9A32006246DA /* NoTasksFoundView.swift */; };
		18E64E122DD3BB0B0065CCC3 /* Lottie in Frameworks */ = {isa = PBXBuildFile; productRef = 18E64E112DD3BB0B0065CCC3 /* Lottie */; };
		18E64E1A2DD3BEF30065CCC3 /* SplashVC.swift in Sources */ = {isa = PBXBuildFile; fileRef = 18E64E192DD3BEF30065CCC3 /* SplashVC.swift */; };
		18E64E342DD3BF680065CCC3 /* Inter-Bold.otf in Resources */ = {isa = PBXBuildFile; fileRef = 18E64E2B2DD3BF680065CCC3 /* Inter-Bold.otf */; };
		18E64E352DD3BF680065CCC3 /* Inter-ExtraBold.otf in Resources */ = {isa = PBXBuildFile; fileRef = 18E64E2C2DD3BF680065CCC3 /* Inter-ExtraBold.otf */; };
		18E64E362DD3BF680065CCC3 /* Inter-ExtraLight-BETA.otf in Resources */ = {isa = PBXBuildFile; fileRef = 18E64E2D2DD3BF680065CCC3 /* Inter-ExtraLight-BETA.otf */; };
		18E64E372DD3BF680065CCC3 /* Inter-Light-BETA.otf in Resources */ = {isa = PBXBuildFile; fileRef = 18E64E2E2DD3BF680065CCC3 /* Inter-Light-BETA.otf */; };
		18E64E382DD3BF680065CCC3 /* Inter-Medium.otf in Resources */ = {isa = PBXBuildFile; fileRef = 18E64E2F2DD3BF680065CCC3 /* Inter-Medium.otf */; };
		18E64E392DD3BF680065CCC3 /* Inter-Regular.otf in Resources */ = {isa = PBXBuildFile; fileRef = 18E64E302DD3BF680065CCC3 /* Inter-Regular.otf */; };
		18E64E3A2DD3BF680065CCC3 /* Inter-SemiBold.otf in Resources */ = {isa = PBXBuildFile; fileRef = 18E64E312DD3BF680065CCC3 /* Inter-SemiBold.otf */; };
		18E64E3E2DD3C0680065CCC3 /* to_do.json in Resources */ = {isa = PBXBuildFile; fileRef = 18E64E3D2DD3C0680065CCC3 /* to_do.json */; };
		18F1C87C2DCD32C6007D33BE /* DataModels.swift in Sources */ = {isa = PBXBuildFile; fileRef = 18F1C87A2DCD32C6007D33BE /* DataModels.swift */; };
		215A9C8A23925E6333271DDE /* Pods_helloSwiftUI.framework in Frameworks */ = {isa = PBXBuildFile; fileRef = 5BF716B3A1198E072B416CDD /* Pods_helloSwiftUI.framework */; };
/* End PBXBuildFile section */

/* Begin PBXFileReference section */
		187F6C2F2D995AEE00E6566E /* Preview Assets.xcassets */ = {isa = PBXFileReference; lastKnownFileType = folder.assetcatalog; path = "Preview Assets.xcassets"; sourceTree = "<group>"; };
		187F6C322D995AEE00E6566E /* OnboardingVC.swift */ = {isa = PBXFileReference; lastKnownFileType = sourcecode.swift; path = OnboardingVC.swift; sourceTree = "<group>"; };
		187F6C332D995AEE00E6566E /* FocusFlow.swift */ = {isa = PBXFileReference; lastKnownFileType = sourcecode.swift; path = FocusFlow.swift; sourceTree = "<group>"; };
		18809CA12DA0509C0051D702 /* ob_cell_view.swift */ = {isa = PBXFileReference; lastKnownFileType = sourcecode.swift; path = ob_cell_view.swift; sourceTree = "<group>"; };
		18809CA42DA055070051D702 /* Assets.xcassets */ = {isa = PBXFileReference; lastKnownFileType = folder.assetcatalog; path = Assets.xcassets; sourceTree = "<group>"; };
		1899B1502DEAF4C5006246DA /* HomeVC.swift */ = {isa = PBXFileReference; lastKnownFileType = sourcecode.swift; path = HomeVC.swift; sourceTree = "<group>"; };
		1899B1522DEB14FA006246DA /* GridToDoCardItemView.swift */ = {isa = PBXFileReference; lastKnownFileType = sourcecode.swift; path = GridToDoCardItemView.swift; sourceTree = "<group>"; };
		1899B1542DEB2647006246DA /* ListToDoItemView.swift */ = {isa = PBXFileReference; lastKnownFileType = sourcecode.swift; path = ListToDoItemView.swift; sourceTree = "<group>"; };
		1899B1562DEB9596006246DA /* TasksVC.swift */ = {isa = PBXFileReference; lastKnownFileType = sourcecode.swift; path = TasksVC.swift; sourceTree = "<group>"; };
		1899B1582DEB9A32006246DA /* NoTasksFoundView.swift */ = {isa = PBXFileReference; lastKnownFileType = sourcecode.swift; path = NoTasksFoundView.swift; sourceTree = "<group>"; };
		18B298572D900E120039633B /* helloSwiftUI.app */ = {isa = PBXFileReference; explicitFileType = wrapper.application; includeInIndex = 0; path = helloSwiftUI.app; sourceTree = BUILT_PRODUCTS_DIR; };
		18E64E192DD3BEF30065CCC3 /* SplashVC.swift */ = {isa = PBXFileReference; lastKnownFileType = sourcecode.swift; path = SplashVC.swift; sourceTree = "<group>"; };
		18E64E2B2DD3BF680065CCC3 /* Inter-Bold.otf */ = {isa = PBXFileReference; lastKnownFileType = file; path = "Inter-Bold.otf"; sourceTree = "<group>"; };
		18E64E2C2DD3BF680065CCC3 /* Inter-ExtraBold.otf */ = {isa = PBXFileReference; lastKnownFileType = file; path = "Inter-ExtraBold.otf"; sourceTree = "<group>"; };
		18E64E2D2DD3BF680065CCC3 /* Inter-ExtraLight-BETA.otf */ = {isa = PBXFileReference; lastKnownFileType = file; path = "Inter-ExtraLight-BETA.otf"; sourceTree = "<group>"; };
		18E64E2E2DD3BF680065CCC3 /* Inter-Light-BETA.otf */ = {isa = PBXFileReference; lastKnownFileType = file; path = "Inter-Light-BETA.otf"; sourceTree = "<group>"; };
		18E64E2F2DD3BF680065CCC3 /* Inter-Medium.otf */ = {isa = PBXFileReference; lastKnownFileType = file; path = "Inter-Medium.otf"; sourceTree = "<group>"; };
		18E64E302DD3BF680065CCC3 /* Inter-Regular.otf */ = {isa = PBXFileReference; lastKnownFileType = file; path = "Inter-Regular.otf"; sourceTree = "<group>"; };
		18E64E312DD3BF680065CCC3 /* Inter-SemiBold.otf */ = {isa = PBXFileReference; lastKnownFileType = file; path = "Inter-SemiBold.otf"; sourceTree = "<group>"; };
		18E64E3D2DD3C0680065CCC3 /* to_do.json */ = {isa = PBXFileReference; lastKnownFileType = text.json; path = to_do.json; sourceTree = "<group>"; };
		18F1C87A2DCD32C6007D33BE /* DataModels.swift */ = {isa = PBXFileReference; lastKnownFileType = sourcecode.swift; path = DataModels.swift; sourceTree = "<group>"; };
		4436E74CEDC7FC1336393601 /* Pods-helloSwiftUI.debug.xcconfig */ = {isa = PBXFileReference; includeInIndex = 1; lastKnownFileType = text.xcconfig; name = "Pods-helloSwiftUI.debug.xcconfig"; path = "Target Support Files/Pods-helloSwiftUI/Pods-helloSwiftUI.debug.xcconfig"; sourceTree = "<group>"; };
		5BF716B3A1198E072B416CDD /* Pods_helloSwiftUI.framework */ = {isa = PBXFileReference; explicitFileType = wrapper.framework; includeInIndex = 0; path = Pods_helloSwiftUI.framework; sourceTree = BUILT_PRODUCTS_DIR; };
		B3A66199285FF733AD515331 /* Pods-helloSwiftUI.release.xcconfig */ = {isa = PBXFileReference; includeInIndex = 1; lastKnownFileType = text.xcconfig; name = "Pods-helloSwiftUI.release.xcconfig"; path = "Target Support Files/Pods-helloSwiftUI/Pods-helloSwiftUI.release.xcconfig"; sourceTree = "<group>"; };
/* End PBXFileReference section */

/* Begin PBXFrameworksBuildPhase section */
		18B298542D900E120039633B /* Frameworks */ = {
			isa = PBXFrameworksBuildPhase;
			buildActionMask = 2147483647;
			files = (
				182D72282DD2730600F4D25A /* Flow in Frameworks */,
				215A9C8A23925E6333271DDE /* Pods_helloSwiftUI.framework in Frameworks */,
				182D722D2DD280B800F4D25A /* Flow in Frameworks */,
				18E64E122DD3BB0B0065CCC3 /* Lottie in Frameworks */,
			);
			runOnlyForDeploymentPostprocessing = 0;
		};
/* End PBXFrameworksBuildPhase section */

/* Begin PBXGroup section */
		187F6C302D995AEE00E6566E /* Preview Content */ = {
			isa = PBXGroup;
			children = (
				187F6C2F2D995AEE00E6566E /* Preview Assets.xcassets */,
			);
			path = "Preview Content";
			sourceTree = "<group>";
		};
		187F6C342D995AEE00E6566E /* helloSwiftUI */ = {
			isa = PBXGroup;
			children = (
				18E64E182DD3BEC40065CCC3 /* App */,
				18E64E162DD3BD5B0065CCC3 /* Controllers */,
				18E64E142DD3BD260065CCC3 /* Custom Views */,
				18F1C87B2DCD32C6007D33BE /* Helpers */,
				18809CA52DA055070051D702 /* Assets */,
				187F6C302D995AEE00E6566E /* Preview Content */,
			);
			path = helloSwiftUI;
			sourceTree = "<group>";
		};
		18809CA52DA055070051D702 /* Assets */ = {
			isa = PBXGroup;
			children = (
				18E64E3C2DD3BF810065CCC3 /* Animations */,
				18E64E332DD3BF680065CCC3 /* Fonts */,
				18809CA42DA055070051D702 /* Assets.xcassets */,
			);
			path = Assets;
			sourceTree = "<group>";
		};
		18B2984E2D900E120039633B = {
			isa = PBXGroup;
			children = (
				187F6C342D995AEE00E6566E /* helloSwiftUI */,
				18B298582D900E120039633B /* Products */,
				9BDB1B325426F8383C1A506F /* Pods */,
				EBB908E7886BEC67A232FF5C /* Frameworks */,
			);
			sourceTree = "<group>";
		};
		18B298582D900E120039633B /* Products */ = {
			isa = PBXGroup;
			children = (
				18B298572D900E120039633B /* helloSwiftUI.app */,
			);
			name = Products;
			sourceTree = "<group>";
		};
		18E64E142DD3BD260065CCC3 /* Custom Views */ = {
			isa = PBXGroup;
			children = (
				18809CA12DA0509C0051D702 /* ob_cell_view.swift */,
				1899B1522DEB14FA006246DA /* GridToDoCardItemView.swift */,
				1899B1542DEB2647006246DA /* ListToDoItemView.swift */,
				1899B1582DEB9A32006246DA /* NoTasksFoundView.swift */,
			);
			path = "Custom Views";
			sourceTree = "<group>";
		};
		18E64E162DD3BD5B0065CCC3 /* Controllers */ = {
			isa = PBXGroup;
			children = (
				187F6C322D995AEE00E6566E /* OnboardingVC.swift */,
				18E64E192DD3BEF30065CCC3 /* SplashVC.swift */,
				1899B1502DEAF4C5006246DA /* HomeVC.swift */,
				1899B1562DEB9596006246DA /* TasksVC.swift */,
			);
			path = Controllers;
			sourceTree = "<group>";
		};
		18E64E182DD3BEC40065CCC3 /* App */ = {
			isa = PBXGroup;
			children = (
				187F6C332D995AEE00E6566E /* FocusFlow.swift */,
			);
			path = App;
			sourceTree = "<group>";
		};
		18E64E322DD3BF680065CCC3 /* inter */ = {
			isa = PBXGroup;
			children = (
				18E64E2B2DD3BF680065CCC3 /* Inter-Bold.otf */,
				18E64E2C2DD3BF680065CCC3 /* Inter-ExtraBold.otf */,
				18E64E2D2DD3BF680065CCC3 /* Inter-ExtraLight-BETA.otf */,
				18E64E2E2DD3BF680065CCC3 /* Inter-Light-BETA.otf */,
				18E64E2F2DD3BF680065CCC3 /* Inter-Medium.otf */,
				18E64E302DD3BF680065CCC3 /* Inter-Regular.otf */,
				18E64E312DD3BF680065CCC3 /* Inter-SemiBold.otf */,
			);
			path = inter;
			sourceTree = "<group>";
		};
		18E64E332DD3BF680065CCC3 /* Fonts */ = {
			isa = PBXGroup;
			children = (
				18E64E322DD3BF680065CCC3 /* inter */,
			);
			path = Fonts;
			sourceTree = "<group>";
		};
		18E64E3C2DD3BF810065CCC3 /* Animations */ = {
			isa = PBXGroup;
			children = (
				18E64E3D2DD3C0680065CCC3 /* to_do.json */,
			);
			path = Animations;
			sourceTree = "<group>";
		};
		18F1C87B2DCD32C6007D33BE /* Helpers */ = {
			isa = PBXGroup;
			children = (
				18F1C87A2DCD32C6007D33BE /* DataModels.swift */,
			);
			path = Helpers;
			sourceTree = "<group>";
		};
		9BDB1B325426F8383C1A506F /* Pods */ = {
			isa = PBXGroup;
			children = (
				4436E74CEDC7FC1336393601 /* Pods-helloSwiftUI.debug.xcconfig */,
				B3A66199285FF733AD515331 /* Pods-helloSwiftUI.release.xcconfig */,
			);
			path = Pods;
			sourceTree = "<group>";
		};
		EBB908E7886BEC67A232FF5C /* Frameworks */ = {
			isa = PBXGroup;
			children = (
				5BF716B3A1198E072B416CDD /* Pods_helloSwiftUI.framework */,
			);
			name = Frameworks;
			sourceTree = "<group>";
		};
/* End PBXGroup section */

/* Begin PBXNativeTarget section */
		18B298562D900E120039633B /* helloSwiftUI */ = {
			isa = PBXNativeTarget;
			buildConfigurationList = 18B298652D900E150039633B /* Build configuration list for PBXNativeTarget "helloSwiftUI" */;
			buildPhases = (
				58A67EF5B257EF9ABABD4A45 /* [CP] Check Pods Manifest.lock */,
				18B298532D900E120039633B /* Sources */,
				18B298542D900E120039633B /* Frameworks */,
				18B298552D900E120039633B /* Resources */,
			);
			buildRules = (
			);
			dependencies = (
			);
			name = helloSwiftUI;
			productName = helloSwiftUI;
			productReference = 18B298572D900E120039633B /* helloSwiftUI.app */;
			productType = "com.apple.product-type.application";
		};
/* End PBXNativeTarget section */

/* Begin PBXProject section */
		18B2984F2D900E120039633B /* Project object */ = {
			isa = PBXProject;
			attributes = {
				BuildIndependentTargetsInParallel = 1;
				LastSwiftUpdateCheck = 1620;
				LastUpgradeCheck = 1620;
				TargetAttributes = {
					18B298562D900E120039633B = {
						CreatedOnToolsVersion = 16.2;
					};
				};
			};
			buildConfigurationList = 18B298522D900E120039633B /* Build configuration list for PBXProject "helloSwiftUI" */;
			developmentRegion = en;
			hasScannedForEncodings = 0;
			knownRegions = (
				en,
				Base,
			);
			mainGroup = 18B2984E2D900E120039633B;
			minimizedProjectReferenceProxies = 1;
			packageReferences = (
				182D72262DD2730600F4D25A /* XCRemoteSwiftPackageReference "SwiftUI-Flow" */,
				18E64E102DD3BB0B0065CCC3 /* XCRemoteSwiftPackageReference "lottie-spm" */,
			);
			preferredProjectObjectVersion = 77;
			productRefGroup = 18B298582D900E120039633B /* Products */;
			projectDirPath = "";
			projectRoot = "";
			targets = (
				18B298562D900E120039633B /* helloSwiftUI */,
			);
		};
/* End PBXProject section */

/* Begin PBXResourcesBuildPhase section */
		18B298552D900E120039633B /* Resources */ = {
			isa = PBXResourcesBuildPhase;
			buildActionMask = 2147483647;
			files = (
				18E64E342DD3BF680065CCC3 /* Inter-Bold.otf in Resources */,
				18E64E3E2DD3C0680065CCC3 /* to_do.json in Resources */,
				18E64E352DD3BF680065CCC3 /* Inter-ExtraBold.otf in Resources */,
				18E64E362DD3BF680065CCC3 /* Inter-ExtraLight-BETA.otf in Resources */,
				18E64E372DD3BF680065CCC3 /* Inter-Light-BETA.otf in Resources */,
				18E64E382DD3BF680065CCC3 /* Inter-Medium.otf in Resources */,
				18E64E392DD3BF680065CCC3 /* Inter-Regular.otf in Resources */,
				18E64E3A2DD3BF680065CCC3 /* Inter-SemiBold.otf in Resources */,
				18809CA62DA055070051D702 /* Assets.xcassets in Resources */,
				187F6C352D995AEE00E6566E /* Preview Assets.xcassets in Resources */,
			);
			runOnlyForDeploymentPostprocessing = 0;
		};
/* End PBXResourcesBuildPhase section */

/* Begin PBXShellScriptBuildPhase section */
		58A67EF5B257EF9ABABD4A45 /* [CP] Check Pods Manifest.lock */ = {
			isa = PBXShellScriptBuildPhase;
			buildActionMask = 2147483647;
			files = (
			);
			inputFileListPaths = (
			);
			inputPaths = (
				"${PODS_PODFILE_DIR_PATH}/Podfile.lock",
				"${PODS_ROOT}/Manifest.lock",
			);
			name = "[CP] Check Pods Manifest.lock";
			outputFileListPaths = (
			);
			outputPaths = (
				"$(DERIVED_FILE_DIR)/Pods-helloSwiftUI-checkManifestLockResult.txt",
			);
			runOnlyForDeploymentPostprocessing = 0;
			shellPath = /bin/sh;
			shellScript = "diff \"${PODS_PODFILE_DIR_PATH}/Podfile.lock\" \"${PODS_ROOT}/Manifest.lock\" > /dev/null\nif [ $? != 0 ] ; then\n    # print error to STDERR\n    echo \"error: The sandbox is not in sync with the Podfile.lock. Run 'pod install' or update your CocoaPods installation.\" >&2\n    exit 1\nfi\n# This output is used by Xcode 'outputs' to avoid re-running this script phase.\necho \"SUCCESS\" > \"${SCRIPT_OUTPUT_FILE_0}\"\n";
			showEnvVarsInLog = 0;
		};
/* End PBXShellScriptBuildPhase section */

/* Begin PBXSourcesBuildPhase section */
		18B298532D900E120039633B /* Sources */ = {
			isa = PBXSourcesBuildPhase;
			buildActionMask = 2147483647;
			files = (
				18809CA22DA0509C0051D702 /* ob_cell_view.swift in Sources */,
				18E64E1A2DD3BEF30065CCC3 /* SplashVC.swift in Sources */,
				18F1C87C2DCD32C6007D33BE /* DataModels.swift in Sources */,
				1899B1512DEAF4C5006246DA /* HomeVC.swift in Sources */,
				1899B1572DEB9596006246DA /* TasksVC.swift in Sources */,
				1899B1532DEB14FA006246DA /* GridToDoCardItemView.swift in Sources */,
				187F6C372D995AEE00E6566E /* OnboardingVC.swift in Sources */,
				1899B1592DEB9A32006246DA /* NoTasksFoundView.swift in Sources */,
				1899B1552DEB2647006246DA /* ListToDoItemView.swift in Sources */,
				187F6C382D995AEE00E6566E /* FocusFlow.swift in Sources */,
			);
			runOnlyForDeploymentPostprocessing = 0;
		};
/* End PBXSourcesBuildPhase section */

/* Begin XCBuildConfiguration section */
		18B298632D900E150039633B /* Debug */ = {
			isa = XCBuildConfiguration;
			buildSettings = {
				ALWAYS_SEARCH_USER_PATHS = NO;
				ASSETCATALOG_COMPILER_GENERATE_SWIFT_ASSET_SYMBOL_EXTENSIONS = YES;
				CLANG_ANALYZER_NONNULL = YES;
				CLANG_ANALYZER_NUMBER_OBJECT_CONVERSION = YES_AGGRESSIVE;
				CLANG_CXX_LANGUAGE_STANDARD = "gnu++20";
				CLANG_ENABLE_MODULES = YES;
				CLANG_ENABLE_OBJC_ARC = YES;
				CLANG_ENABLE_OBJC_WEAK = YES;
				CLANG_WARN_BLOCK_CAPTURE_AUTORELEASING = YES;
				CLANG_WARN_BOOL_CONVERSION = YES;
				CLANG_WARN_COMMA = YES;
				CLANG_WARN_CONSTANT_CONVERSION = YES;
				CLANG_WARN_DEPRECATED_OBJC_IMPLEMENTATIONS = YES;
				CLANG_WARN_DIRECT_OBJC_ISA_USAGE = YES_ERROR;
				CLANG_WARN_DOCUMENTATION_COMMENTS = YES;
				CLANG_WARN_EMPTY_BODY = YES;
				CLANG_WARN_ENUM_CONVERSION = YES;
				CLANG_WARN_INFINITE_RECURSION = YES;
				CLANG_WARN_INT_CONVERSION = YES;
				CLANG_WARN_NON_LITERAL_NULL_CONVERSION = YES;
				CLANG_WARN_OBJC_IMPLICIT_RETAIN_SELF = YES;
				CLANG_WARN_OBJC_LITERAL_CONVERSION = YES;
				CLANG_WARN_OBJC_ROOT_CLASS = YES_ERROR;
				CLANG_WARN_QUOTED_INCLUDE_IN_FRAMEWORK_HEADER = YES;
				CLANG_WARN_RANGE_LOOP_ANALYSIS = YES;
				CLANG_WARN_STRICT_PROTOTYPES = YES;
				CLANG_WARN_SUSPICIOUS_MOVE = YES;
				CLANG_WARN_UNGUARDED_AVAILABILITY = YES_AGGRESSIVE;
				CLANG_WARN_UNREACHABLE_CODE = YES;
				CLANG_WARN__DUPLICATE_METHOD_MATCH = YES;
				COPY_PHASE_STRIP = NO;
				DEBUG_INFORMATION_FORMAT = dwarf;
				ENABLE_STRICT_OBJC_MSGSEND = YES;
				ENABLE_TESTABILITY = YES;
				ENABLE_USER_SCRIPT_SANDBOXING = YES;
				GCC_C_LANGUAGE_STANDARD = gnu17;
				GCC_DYNAMIC_NO_PIC = NO;
				GCC_NO_COMMON_BLOCKS = YES;
				GCC_OPTIMIZATION_LEVEL = 0;
				GCC_PREPROCESSOR_DEFINITIONS = (
					"DEBUG=1",
					"$(inherited)",
				);
				GCC_WARN_64_TO_32_BIT_CONVERSION = YES;
				GCC_WARN_ABOUT_RETURN_TYPE = YES_ERROR;
				GCC_WARN_UNDECLARED_SELECTOR = YES;
				GCC_WARN_UNINITIALIZED_AUTOS = YES_AGGRESSIVE;
				GCC_WARN_UNUSED_FUNCTION = YES;
				GCC_WARN_UNUSED_VARIABLE = YES;
				IPHONEOS_DEPLOYMENT_TARGET = 18.2;
				LOCALIZATION_PREFERS_STRING_CATALOGS = YES;
				MTL_ENABLE_DEBUG_INFO = INCLUDE_SOURCE;
				MTL_FAST_MATH = YES;
				ONLY_ACTIVE_ARCH = YES;
				SDKROOT = iphoneos;
				SWIFT_ACTIVE_COMPILATION_CONDITIONS = "DEBUG $(inherited)";
				SWIFT_OPTIMIZATION_LEVEL = "-Onone";
			};
			name = Debug;
		};
		18B298642D900E150039633B /* Release */ = {
			isa = XCBuildConfiguration;
			buildSettings = {
				ALWAYS_SEARCH_USER_PATHS = NO;
				ASSETCATALOG_COMPILER_GENERATE_SWIFT_ASSET_SYMBOL_EXTENSIONS = YES;
				CLANG_ANALYZER_NONNULL = YES;
				CLANG_ANALYZER_NUMBER_OBJECT_CONVERSION = YES_AGGRESSIVE;
				CLANG_CXX_LANGUAGE_STANDARD = "gnu++20";
				CLANG_ENABLE_MODULES = YES;
				CLANG_ENABLE_OBJC_ARC = YES;
				CLANG_ENABLE_OBJC_WEAK = YES;
				CLANG_WARN_BLOCK_CAPTURE_AUTORELEASING = YES;
				CLANG_WARN_BOOL_CONVERSION = YES;
				CLANG_WARN_COMMA = YES;
				CLANG_WARN_CONSTANT_CONVERSION = YES;
				CLANG_WARN_DEPRECATED_OBJC_IMPLEMENTATIONS = YES;
				CLANG_WARN_DIRECT_OBJC_ISA_USAGE = YES_ERROR;
				CLANG_WARN_DOCUMENTATION_COMMENTS = YES;
				CLANG_WARN_EMPTY_BODY = YES;
				CLANG_WARN_ENUM_CONVERSION = YES;
				CLANG_WARN_INFINITE_RECURSION = YES;
				CLANG_WARN_INT_CONVERSION = YES;
				CLANG_WARN_NON_LITERAL_NULL_CONVERSION = YES;
				CLANG_WARN_OBJC_IMPLICIT_RETAIN_SELF = YES;
				CLANG_WARN_OBJC_LITERAL_CONVERSION = YES;
				CLANG_WARN_OBJC_ROOT_CLASS = YES_ERROR;
				CLANG_WARN_QUOTED_INCLUDE_IN_FRAMEWORK_HEADER = YES;
				CLANG_WARN_RANGE_LOOP_ANALYSIS = YES;
				CLANG_WARN_STRICT_PROTOTYPES = YES;
				CLANG_WARN_SUSPICIOUS_MOVE = YES;
				CLANG_WARN_UNGUARDED_AVAILABILITY = YES_AGGRESSIVE;
				CLANG_WARN_UNREACHABLE_CODE = YES;
				CLANG_WARN__DUPLICATE_METHOD_MATCH = YES;
				COPY_PHASE_STRIP = NO;
				DEBUG_INFORMATION_FORMAT = "dwarf-with-dsym";
				ENABLE_NS_ASSERTIONS = NO;
				ENABLE_STRICT_OBJC_MSGSEND = YES;
				ENABLE_USER_SCRIPT_SANDBOXING = YES;
				GCC_C_LANGUAGE_STANDARD = gnu17;
				GCC_NO_COMMON_BLOCKS = YES;
				GCC_WARN_64_TO_32_BIT_CONVERSION = YES;
				GCC_WARN_ABOUT_RETURN_TYPE = YES_ERROR;
				GCC_WARN_UNDECLARED_SELECTOR = YES;
				GCC_WARN_UNINITIALIZED_AUTOS = YES_AGGRESSIVE;
				GCC_WARN_UNUSED_FUNCTION = YES;
				GCC_WARN_UNUSED_VARIABLE = YES;
				IPHONEOS_DEPLOYMENT_TARGET = 18.2;
				LOCALIZATION_PREFERS_STRING_CATALOGS = YES;
				MTL_ENABLE_DEBUG_INFO = NO;
				MTL_FAST_MATH = YES;
				SDKROOT = iphoneos;
				SWIFT_COMPILATION_MODE = wholemodule;
				VALIDATE_PRODUCT = YES;
			};
			name = Release;
		};
		18B298662D900E150039633B /* Debug */ = {
			isa = XCBuildConfiguration;
			baseConfigurationReference = 4436E74CEDC7FC1336393601 /* Pods-helloSwiftUI.debug.xcconfig */;
			buildSettings = {
				ASSETCATALOG_COMPILER_APPICON_NAME = AppIcon;
				ASSETCATALOG_COMPILER_GLOBAL_ACCENT_COLOR_NAME = AccentColor;
				CODE_SIGN_STYLE = Automatic;
				CURRENT_PROJECT_VERSION = 1;
				DEVELOPMENT_ASSET_PATHS = "\"helloSwiftUI/Preview Content\"";
				DEVELOPMENT_TEAM = TR35P2TPAK;
				ENABLE_PREVIEWS = YES;
				ENABLE_USER_SCRIPT_SANDBOXING = NO;
				GENERATE_INFOPLIST_FILE = YES;
				INFOPLIST_KEY_CFBundleDisplayName = "Focus Flow";
				INFOPLIST_KEY_UIApplicationSceneManifest_Generation = YES;
				INFOPLIST_KEY_UIApplicationSupportsIndirectInputEvents = YES;
				INFOPLIST_KEY_UILaunchScreen_Generation = YES;
				INFOPLIST_KEY_UIStatusBarStyle = UIStatusBarStyleLightContent;
				INFOPLIST_KEY_UISupportedInterfaceOrientations_iPad = "UIInterfaceOrientationPortrait UIInterfaceOrientationPortraitUpsideDown UIInterfaceOrientationLandscapeLeft UIInterfaceOrientationLandscapeRight";
				INFOPLIST_KEY_UISupportedInterfaceOrientations_iPhone = "UIInterfaceOrientationPortrait UIInterfaceOrientationLandscapeLeft UIInterfaceOrientationLandscapeRight";
				IPHONEOS_DEPLOYMENT_TARGET = 16;
				LD_RUNPATH_SEARCH_PATHS = (
					"$(inherited)",
					"@executable_path/Frameworks",
				);
				MARKETING_VERSION = 1.0;
				PRODUCT_BUNDLE_IDENTIFIER = com.abdul.helloSwiftUI;
				PRODUCT_NAME = "$(TARGET_NAME)";
				SWIFT_EMIT_LOC_STRINGS = YES;
				SWIFT_VERSION = 5.0;
				TARGETED_DEVICE_FAMILY = "1,2";
			};
			name = Debug;
		};
		18B298672D900E150039633B /* Release */ = {
			isa = XCBuildConfiguration;
			baseConfigurationReference = B3A66199285FF733AD515331 /* Pods-helloSwiftUI.release.xcconfig */;
			buildSettings = {
				ASSETCATALOG_COMPILER_APPICON_NAME = AppIcon;
				ASSETCATALOG_COMPILER_GLOBAL_ACCENT_COLOR_NAME = AccentColor;
				CODE_SIGN_STYLE = Automatic;
				CURRENT_PROJECT_VERSION = 1;
				DEVELOPMENT_ASSET_PATHS = "\"helloSwiftUI/Preview Content\"";
				DEVELOPMENT_TEAM = TR35P2TPAK;
				ENABLE_PREVIEWS = YES;
				ENABLE_USER_SCRIPT_SANDBOXING = NO;
				GENERATE_INFOPLIST_FILE = YES;
				INFOPLIST_KEY_CFBundleDisplayName = "Focus Flow";
				INFOPLIST_KEY_UIApplicationSceneManifest_Generation = YES;
				INFOPLIST_KEY_UIApplicationSupportsIndirectInputEvents = YES;
				INFOPLIST_KEY_UILaunchScreen_Generation = YES;
				INFOPLIST_KEY_UIStatusBarStyle = UIStatusBarStyleLightContent;
				INFOPLIST_KEY_UISupportedInterfaceOrientations_iPad = "UIInterfaceOrientationPortrait UIInterfaceOrientationPortraitUpsideDown UIInterfaceOrientationLandscapeLeft UIInterfaceOrientationLandscapeRight";
				INFOPLIST_KEY_UISupportedInterfaceOrientations_iPhone = "UIInterfaceOrientationPortrait UIInterfaceOrientationLandscapeLeft UIInterfaceOrientationLandscapeRight";
				IPHONEOS_DEPLOYMENT_TARGET = 16;
				LD_RUNPATH_SEARCH_PATHS = (
					"$(inherited)",
					"@executable_path/Frameworks",
				);
				MARKETING_VERSION = 1.0;
				PRODUCT_BUNDLE_IDENTIFIER = com.abdul.helloSwiftUI;
				PRODUCT_NAME = "$(TARGET_NAME)";
				SWIFT_EMIT_LOC_STRINGS = YES;
				SWIFT_VERSION = 5.0;
				TARGETED_DEVICE_FAMILY = "1,2";
			};
			name = Release;
		};
/* End XCBuildConfiguration section */

/* Begin XCConfigurationList section */
		18B298522D900E120039633B /* Build configuration list for PBXProject "helloSwiftUI" */ = {
			isa = XCConfigurationList;
			buildConfigurations = (
				18B298632D900E150039633B /* Debug */,
				18B298642D900E150039633B /* Release */,
			);
			defaultConfigurationIsVisible = 0;
			defaultConfigurationName = Release;
		};
		18B298652D900E150039633B /* Build configuration list for PBXNativeTarget "helloSwiftUI" */ = {
			isa = XCConfigurationList;
			buildConfigurations = (
				18B298662D900E150039633B /* Debug */,
				18B298672D900E150039633B /* Release */,
			);
			defaultConfigurationIsVisible = 0;
			defaultConfigurationName = Release;
		};
/* End XCConfigurationList section */

/* Begin XCRemoteSwiftPackageReference section */
		182D72262DD2730600F4D25A /* XCRemoteSwiftPackageReference "SwiftUI-Flow" */ = {
			isa = XCRemoteSwiftPackageReference;
			repositoryURL = "https://github.com/tevelee/SwiftUI-Flow";
			requirement = {
				kind = upToNextMajorVersion;
				minimumVersion = 3.0.2;
			};
		};
		18E64E102DD3BB0B0065CCC3 /* XCRemoteSwiftPackageReference "lottie-spm" */ = {
			isa = XCRemoteSwiftPackageReference;
			repositoryURL = "https://github.com/airbnb/lottie-spm.git";
			requirement = {
				kind = upToNextMajorVersion;
				minimumVersion = 4.5.1;
			};
		};
/* End XCRemoteSwiftPackageReference section */

/* Begin XCSwiftPackageProductDependency section */
		182D72272DD2730600F4D25A /* Flow */ = {
			isa = XCSwiftPackageProductDependency;
			package = 182D72262DD2730600F4D25A /* XCRemoteSwiftPackageReference "SwiftUI-Flow" */;
			productName = Flow;
		};
		182D722C2DD280B800F4D25A /* Flow */ = {
			isa = XCSwiftPackageProductDependency;
			package = 182D72262DD2730600F4D25A /* XCRemoteSwiftPackageReference "SwiftUI-Flow" */;
			productName = Flow;
		};
		18E64E112DD3BB0B0065CCC3 /* Lottie */ = {
			isa = XCSwiftPackageProductDependency;
			package = 18E64E102DD3BB0B0065CCC3 /* XCRemoteSwiftPackageReference "lottie-spm" */;
			productName = Lottie;
		};
/* End XCSwiftPackageProductDependency section */
	};
	rootObject = 18B2984F2D900E120039633B /* Project object */;
}
