{
  "originHash" : "440b177646c09b894dcef8705cd3605064ff77197864510f9471342298fcd9dd",
  "pins" : [
    {
      "identity" : "lottie-spm",
      "kind" : "remoteSourceControl",
      "location" : "https://github.com/airbnb/lottie-spm.git",
      "state" : {
        "revision" : "8c6edf4f0fa84fe9c058600a4295eb0c01661c69",
        "version" : "4.5.1"
      }
    },
    {
      "identity" : "ssdatetimepicker",
      "kind" : "remoteSourceControl",
      "location" : "https://github.com/SimformSolutionsPvtLtd/SSDateTimePicker",
      "state" : {
        "revision" : "286fbbfd3b33e809f66dff57258cb6b3c507b2af",
        "version" : "1.0.0"
      }
    },
    {
      "identity" : "swiftui-flow",
      "kind" : "remoteSourceControl",
      "location" : "https://github.com/tevelee/SwiftUI-Flow",
      "state" : {
        "revision" : "fd755bc852c738d3b726c6a28fc4640c9a74876f",
        "version" : "3.0.2"
      }
    }
  ],
  "version" : 3
}
